[[package]]
category = "main"
description = "Composable command line interface toolkit"
name = "click"
optional = false
python-versions = ">=2.7, !=3.0.*, !=3.1.*, !=3.2.*, !=3.3.*, !=3.4.*"
version = "7.1.2"

[[package]]
category = "main"
description = "A (very) simple UI lib built on top of OpenCV drawing primitives"
name = "cvui"
optional = false
python-versions = "*"
version = "2.7b1"

[[package]]
category = "main"
description = "The Cython compiler for writing C extensions for the Python language."
name = "cython"
optional = false
python-versions = ">=2.6, !=3.0.*, !=3.1.*, !=3.2.*"
version = "0.29.20"

[[package]]
category = "main"
description = "NumPy is the fundamental package for array computing with Python."
name = "numpy"
optional = false
python-versions = ">=2.7,!=3.0.*,!=3.1.*,!=3.2.*,!=3.3.*"
version = "1.16.6"

[[package]]
category = "main"
description = "Wrapper package for OpenCV python bindings."
name = "opencv-python"
optional = false
python-versions = "*"
version = "4.2.0.32"

[package.dependencies]
numpy = ">=1.11.1"

[[package]]
category = "main"
description = "Interface Python with pkg-config"
name = "pkgconfig"
optional = false
python-versions = ">=2.7, !=3.0.*, !=3.1.*, !=3.2.*"
version = "1.5.1"

[[package]]
category = "main"
description = "Python Library for Tom's Obvious, Minimal Language"
name = "toml"
optional = false
python-versions = "*"
version = "0.10.1"

[metadata]
content-hash = "b6e9091e7603753154d4ca04eb2ff05150de122df37d0ddc76feb8c945c28e2a"
python-versions = "^2.7"

[metadata.files]
click = [
    {file = "click-7.1.2-py2.py3-none-any.whl", hash = "sha256:dacca89f4bfadd5de3d7489b7c8a566eee0d3676333fbb50030263894c38c0dc"},
    {file = "click-7.1.2.tar.gz", hash = "sha256:d2b5255c7c6349bc1bd1e59e08cd12acbbd63ce649f2588755783aa94dfb6b1a"},
]
cvui = [
    {file = "cvui-2.7b1-py3-none-any.whl", hash = "sha256:e19c640b22caeb985e972e7333bd5c3f0b06b3975e99888ea74bfc3118c97cca"},
    {file = "cvui-2.7b1.tar.gz", hash = "sha256:10a236de2d48a6b0abfba3d54c232657b1783d6655b9225bdd7d6cac56300348"},
]
cython = [
    {file = "Cython-0.29.20-cp27-cp27m-macosx_10_9_x86_64.whl", hash = "sha256:a49d0f5c55ad0f4aacad32f058a71d0701cb8936d6883803e50698fa04cac8d2"},
    {file = "Cython-0.29.20-cp27-cp27m-manylinux1_i686.whl", hash = "sha256:a985a7e3c7f1663af398938029659a4381cfe9d1bd982cf19c46b01453e81775"},
    {file = "Cython-0.29.20-cp27-cp27m-manylinux1_x86_64.whl", hash = "sha256:714b8926a84e3e39c5278e43fb8823598db82a4b015cff263b786dc609a5e7d6"},
    {file = "Cython-0.29.20-cp27-cp27m-win32.whl", hash = "sha256:0754ec9d45518d0dbb5da72db2c8b063d40c4c51779618c68431054de179387f"},
    {file = "Cython-0.29.20-cp27-cp27m-win_amd64.whl", hash = "sha256:a21cb3423acd6dbf383c9e41e8e60c93741987950434c85145864458d30099f3"},
    {file = "Cython-0.29.20-cp27-cp27mu-manylinux1_i686.whl", hash = "sha256:2d84e8d2a0c698c1bce7c2a4677f9f03b076e9f0af7095947ecd2a900ffceea5"},
    {file = "Cython-0.29.20-cp27-cp27mu-manylinux1_x86_64.whl", hash = "sha256:b7bb0d54ff453c7516d323c3c78b211719f39a506652b79b7e85ba447d5fa9e7"},
    {file = "Cython-0.29.20-cp34-cp34m-manylinux1_i686.whl", hash = "sha256:c5e29333c9e20df384645902bed7a67a287b979da1886c8f10f88e57b69e0f4b"},
    {file = "Cython-0.29.20-cp34-cp34m-manylinux1_x86_64.whl", hash = "sha256:0f3488bf2a9e049d1907d35ad8834f542f8c03d858d1bca6d0cbc06b719163e0"},
    {file = "Cython-0.29.20-cp34-cp34m-win32.whl", hash = "sha256:34dd57f5ac5a0e3d53da964994fc1b7e7ee3f86172d7a1f0bde8a1f90739e04d"},
    {file = "Cython-0.29.20-cp34-cp34m-win_amd64.whl", hash = "sha256:1024714b0f7829b0f712db9cebec92c2782b1f42409b8575cacc340aa438d4ba"},
    {file = "Cython-0.29.20-cp35-cp35m-macosx_10_6_intel.whl", hash = "sha256:0bb201124f67b8d5e6a3e7c02257ca56a90204611971ecca76c02897096f097d"},
    {file = "Cython-0.29.20-cp35-cp35m-manylinux1_i686.whl", hash = "sha256:57f32d1095ad7fad1e7f2ff6e8c6a7197fa532c8e6f4d044ff69212e0bf05461"},
    {file = "Cython-0.29.20-cp35-cp35m-manylinux1_x86_64.whl", hash = "sha256:d490a54814b69d814b157ac86ada98c15fd77fabafc23732818ed9b9f1f0af80"},
    {file = "Cython-0.29.20-cp35-cp35m-win32.whl", hash = "sha256:5dfe519e400a1672a3ac5bdfb5e957a9c14c52caafb01f4a923998ec9ae77736"},
    {file = "Cython-0.29.20-cp35-cp35m-win_amd64.whl", hash = "sha256:9bfd42c1d40aa26bf76186cba0d89be66ba47e36fa7ea56d71f377585a53f7c4"},
    {file = "Cython-0.29.20-cp36-cp36m-macosx_10_9_x86_64.whl", hash = "sha256:60def282839ed81a2ffae29d2df0a6777fd74478c6e82c6c3f4b54e698b9d11c"},
    {file = "Cython-0.29.20-cp36-cp36m-manylinux1_i686.whl", hash = "sha256:8598b09f7973ccb15c03b21d3185dc129ae7c60d0a6caf8176b7099a4b83483e"},
    {file = "Cython-0.29.20-cp36-cp36m-manylinux1_x86_64.whl", hash = "sha256:4473f169d6dd02174eb76396cb38ce469f377c08b21965ddf4f88bbbebd5816e"},
    {file = "Cython-0.29.20-cp36-cp36m-win32.whl", hash = "sha256:b553473c31297e4ca77fbaea2eb2329889d898c03941d90941679247c17e38fb"},
    {file = "Cython-0.29.20-cp36-cp36m-win_amd64.whl", hash = "sha256:809f0a3f647052c4bcbc34a15f53a5dab90de1a83ebd77add37ed5d3e6ee5d97"},
    {file = "Cython-0.29.20-cp37-cp37m-macosx_10_9_x86_64.whl", hash = "sha256:384582b5024007dfdabc9753e3e0f85d61837b0103b0ee3f8acf04a4bcfad175"},
    {file = "Cython-0.29.20-cp37-cp37m-manylinux1_i686.whl", hash = "sha256:7352b88f2213325c1e111561496a7d53b0326e7f07e6f81f9b8b21420e40851c"},
    {file = "Cython-0.29.20-cp37-cp37m-manylinux1_x86_64.whl", hash = "sha256:c5df2c42d4066cda175cd4d075225501e1842cfdbdaeeb388eb7685c367cc3ce"},
    {file = "Cython-0.29.20-cp37-cp37m-win32.whl", hash = "sha256:7089fb2be9a9869b9aa277bc6de401928954ce70e139c3cf9b244ae5f490b8f2"},
    {file = "Cython-0.29.20-cp37-cp37m-win_amd64.whl", hash = "sha256:b32965445b8dbdc36c69fba47e024060f9b39b1b4ceb816da5028eea01924505"},
    {file = "Cython-0.29.20-cp38-cp38-macosx_10_9_x86_64.whl", hash = "sha256:8dc68f93b257718ea0e2bc9be8e3c61d70b6e49ab82391125ba0112a30a21025"},
    {file = "Cython-0.29.20-cp38-cp38-manylinux1_i686.whl", hash = "sha256:b3233341c3fe352b1090168bd087686880b582b635d707b2c8f5d4f1cc1fa533"},
    {file = "Cython-0.29.20-cp38-cp38-manylinux1_x86_64.whl", hash = "sha256:10b6d2e2125169158128b7f11dad8bb0d8f5fba031d5d4f8492f3afbd06491d7"},
    {file = "Cython-0.29.20-cp38-cp38-win32.whl", hash = "sha256:16ed0260d031d90dda43997e9b0f0eebc3cf18e6ece91cad7b0fb17cd4bfb29b"},
    {file = "Cython-0.29.20-cp38-cp38-win_amd64.whl", hash = "sha256:d0b445def03b4cd33bd2d1ae6fbbe252b6d1ef7077b3b5ba3f2c698a190d26e5"},
    {file = "Cython-0.29.20-py2.py3-none-any.whl", hash = "sha256:b56c02f14f1708411d95679962b742a1235d33a23535ce4a7f75425447701245"},
    {file = "Cython-0.29.20.tar.gz", hash = "sha256:22d91af5fc2253f717a1b80b8bb45acb655f643611983fd6f782b9423f8171c7"},
]
numpy = [
    {file = "numpy-1.16.6-cp27-cp27m-macosx_10_9_x86_64.whl", hash = "sha256:08bf4f66f190822f4642e036accde8da810b87fffc0b9409e7a00d9e54760099"},
    {file = "numpy-1.16.6-cp27-cp27m-manylinux1_i686.whl", hash = "sha256:d759ca1b76ac6f6b6159fb74984126035feb1dee9f68b4b961889b6dc090f33a"},
    {file = "numpy-1.16.6-cp27-cp27m-manylinux1_x86_64.whl", hash = "sha256:d3c5377c6122de876e695937ef41ffee5d2831154c5e4856481b93406cdfeecb"},
    {file = "numpy-1.16.6-cp27-cp27m-win32.whl", hash = "sha256:345b1748e6b0d4773a518868c783b16fdc33a22683bdb863484cd29fe8d206e6"},
    {file = "numpy-1.16.6-cp27-cp27m-win_amd64.whl", hash = "sha256:7a5a1f49a643aa1ab3e0579da0a48b8a48ea4369eb63c5065459d0a37f430237"},
    {file = "numpy-1.16.6-cp27-cp27mu-manylinux1_i686.whl", hash = "sha256:817eed5a6ec2fc9c1a0ee3fbf9a441c66b6766383580513ccbdf3121acc0b4fb"},
    {file = "numpy-1.16.6-cp27-cp27mu-manylinux1_x86_64.whl", hash = "sha256:1680c8d5086a88d293dfd1a10b6429a09140cacee878034fa2308472ec835db4"},
    {file = "numpy-1.16.6-cp35-cp35m-macosx_10_9_intel.whl", hash = "sha256:a4383edb1b8caa989c3541a37ef204916322c503b8eeacc7ee8f4ba24cac97b8"},
    {file = "numpy-1.16.6-cp35-cp35m-manylinux1_i686.whl", hash = "sha256:9bb690692f3101583b0b99f3be362742e4f8ebe6c7934fa36cd8ca2b567a0bcc"},
    {file = "numpy-1.16.6-cp35-cp35m-manylinux1_x86_64.whl", hash = "sha256:b9e334568ca1bf56598eddfac6db6a75bcf1c91aa90d598648f21e45207daeae"},
    {file = "numpy-1.16.6-cp35-cp35m-win32.whl", hash = "sha256:55cae40d2024c56e7b79fb070106cb4289dcc6b55c62dba1d89a6944448c6a53"},
    {file = "numpy-1.16.6-cp35-cp35m-win_amd64.whl", hash = "sha256:a1ffc9c770ccc2be9284310a3726c918b26ca19b34c0079e7a41aba950ab175f"},
    {file = "numpy-1.16.6-cp36-cp36m-macosx_10_9_x86_64.whl", hash = "sha256:3f423b06bf67cd1dbf72e13e9b53a9ca71972e5abf712ee6cb5d8cbb178fff02"},
    {file = "numpy-1.16.6-cp36-cp36m-manylinux1_i686.whl", hash = "sha256:34e6bb44e3d9a663f903b8c297ede865b4dff039aa43cc9a0b249e02c27f1396"},
    {file = "numpy-1.16.6-cp36-cp36m-manylinux1_x86_64.whl", hash = "sha256:60c56922c9d759d664078fbef94132377ef1498ab27dd3d0cc7a21b346e68c06"},
    {file = "numpy-1.16.6-cp36-cp36m-win32.whl", hash = "sha256:23cad5e5858dfb73c0e5bce03fe78e5e5908c22263156c58d4afdbb240683c6c"},
    {file = "numpy-1.16.6-cp36-cp36m-win_amd64.whl", hash = "sha256:77399828d96cca386bfba453025c34f22569909d90332b961d3d4341cdb46a84"},
    {file = "numpy-1.16.6-cp37-cp37m-macosx_10_9_x86_64.whl", hash = "sha256:97ddfa7688295d460ee48a4d76337e9fdd2506d9d1d0eee7f0348b42b430da4c"},
    {file = "numpy-1.16.6-cp37-cp37m-manylinux1_i686.whl", hash = "sha256:390f6e14a8d73591f086680464aa101a9be9187d0c633f48c98b429b31b712c2"},
    {file = "numpy-1.16.6-cp37-cp37m-manylinux1_x86_64.whl", hash = "sha256:a1772dc227e3e415eeaa646d25690dc854bddc3d626e454c7c27acba060cb900"},
    {file = "numpy-1.16.6-cp37-cp37m-win32.whl", hash = "sha256:c9fb4fcfcdcaccfe2c4e1f9e0133ed59df5df2aa3655f3d391887e892b0a784c"},
    {file = "numpy-1.16.6-cp37-cp37m-win_amd64.whl", hash = "sha256:6b1853364775edb85ceb0f7f8214d9e993d4d1d9bd3310eae80529ea14ba2ba6"},
    {file = "numpy-1.16.6.zip", hash = "sha256:e5cf3fdf13401885e8eea8170624ec96225e2174eb0c611c6f26dd33b489e3ff"},
]
opencv-python = [
    {file = "opencv_python-4.2.0.32-cp27-cp27m-macosx_10_9_x86_64.whl", hash = "sha256:9cd9bd72f4a9743ef6f11f0f96784bd215a542e996db1717d4c2d3d03eb81a1b"},
    {file = "opencv_python-4.2.0.32-cp27-cp27m-manylinux1_i686.whl", hash = "sha256:68c1c846dd267cd7e293d3fc0bb238db0a744aa1f2e721e327598f00cb982098"},
    {file = "opencv_python-4.2.0.32-cp27-cp27m-manylinux1_x86_64.whl", hash = "sha256:a2b08aec2eacae868723136383d9eb84a33062a7a7ec5ec3bd2c423bd1355946"},
    {file = "opencv_python-4.2.0.32-cp27-cp27m-win32.whl", hash = "sha256:afbc81a3870739610a9f9a1197374d6a45892cf1933c90fc5617d39790991ed3"},
    {file = "opencv_python-4.2.0.32-cp27-cp27m-win_amd64.whl", hash = "sha256:e36a8857be2c849e54009f1bee25e8c34fbc683fcd38c6c700af4cba5f8d57c2"},
    {file = "opencv_python-4.2.0.32-cp27-cp27mu-manylinux1_i686.whl", hash = "sha256:2baf1213ae2fd678991f905d7b2b94eddfdfb5f75757db0f0b31eebd48ca200d"},
    {file = "opencv_python-4.2.0.32-cp27-cp27mu-manylinux1_x86_64.whl", hash = "sha256:db1d49b753e6e6c76585f21d09c7e9812176732baa9bddb64bc2fc6cd24d4179"},
    {file = "opencv_python-4.2.0.32-cp35-cp35m-macosx_10_9_x86_64.whl", hash = "sha256:eae3da9231d87980f8082d181c276a04f7a6fdac130cebd467390b96dd05f944"},
    {file = "opencv_python-4.2.0.32-cp35-cp35m-manylinux1_i686.whl", hash = "sha256:8c76983c9ec3e4cf3a4c1d172ec4285332d9fb1c7194d724aff0c518437471ee"},
    {file = "opencv_python-4.2.0.32-cp35-cp35m-manylinux1_x86_64.whl", hash = "sha256:8002959146ed21959e3118c60c8e94ceac02eea15b691da6c62cff4787c63f7f"},
    {file = "opencv_python-4.2.0.32-cp35-cp35m-win32.whl", hash = "sha256:a1a5517301dc8d56243a14253d231ec755b94486b4fff2ae68269bc941bb1f2e"},
    {file = "opencv_python-4.2.0.32-cp35-cp35m-win_amd64.whl", hash = "sha256:889eef049d38488b5b4646c48a831feed37c0fd44f3d83c05cff80f4baded145"},
    {file = "opencv_python-4.2.0.32-cp36-cp36m-macosx_10_9_x86_64.whl", hash = "sha256:703910aaa1dcd25a412f78a190fb7a352d9a64ee7d9a35566d786f3cc66ebf20"},
    {file = "opencv_python-4.2.0.32-cp36-cp36m-manylinux1_i686.whl", hash = "sha256:32384e675f7cefe707cac40a95eeb142d6869065e39c5500374116297cd8ca6d"},
    {file = "opencv_python-4.2.0.32-cp36-cp36m-manylinux1_x86_64.whl", hash = "sha256:f01a87a015227d8af407161eb48222fc3c8b01661cdc841e2b86eee4f1a7a417"},
    {file = "opencv_python-4.2.0.32-cp36-cp36m-win32.whl", hash = "sha256:e699232fd033ef0053efec2cba0a7505514f374ba7b18c732a77cb5304311ef9"},
    {file = "opencv_python-4.2.0.32-cp36-cp36m-win_amd64.whl", hash = "sha256:a8529a79233f3581a66984acd16bce52ab0163f6f77568dd69e9ee4956d2e1db"},
    {file = "opencv_python-4.2.0.32-cp37-cp37m-macosx_10_9_x86_64.whl", hash = "sha256:312dda54c7e809c20d7409418060ae0e9cdbe82975e7ced429eb3c234ffc0d4a"},
    {file = "opencv_python-4.2.0.32-cp37-cp37m-manylinux1_i686.whl", hash = "sha256:167a6aff9bd124a3a67e0ec25d0da5ecdc8d96a56405e3e5e7d586c4105eb1bb"},
    {file = "opencv_python-4.2.0.32-cp37-cp37m-manylinux1_x86_64.whl", hash = "sha256:baeb5dd8b21c718580687f5b4efd03f8139b1c56239cdf6b9805c6946e80f268"},
    {file = "opencv_python-4.2.0.32-cp37-cp37m-win32.whl", hash = "sha256:0f2e739c582e8c5e432130648bc6d66a56bc65f4cd9ff0bc7033033d2130c7a3"},
    {file = "opencv_python-4.2.0.32-cp37-cp37m-win_amd64.whl", hash = "sha256:ee6814c94dbf1cae569302afef9dd29efafc52373e8770ded0db549a3b6e0c00"},
    {file = "opencv_python-4.2.0.32-cp38-cp38-macosx_10_9_x86_64.whl", hash = "sha256:0f3d159ad6cb9cbd188c726f87485f0799a067a0a15f34c25d7b5c8db3cb2e50"},
    {file = "opencv_python-4.2.0.32-cp38-cp38-manylinux1_i686.whl", hash = "sha256:6841bb9cc24751dbdf94e7eefc4e6d70ec297952501954471299fd12ab67391c"},
    {file = "opencv_python-4.2.0.32-cp38-cp38-manylinux1_x86_64.whl", hash = "sha256:1b90d50bc7a31e9573a8da1b80fcd1e4d9c86c0e5f76387858e1b87eb8b0332b"},
    {file = "opencv_python-4.2.0.32-cp38-cp38-win32.whl", hash = "sha256:e242ed419aeb2488e0f9ee6410a34917f0f8d62b3ae96aa3170d83bae75004e2"},
    {file = "opencv_python-4.2.0.32-cp38-cp38-win_amd64.whl", hash = "sha256:5c50634dd8f2f866fd99fd939292ce10e52bef82804ebc4e7f915221c3b7e951"},
]
pkgconfig = [
    {file = "pkgconfig-1.5.1-py2.py3-none-any.whl", hash = "sha256:cddf2d7ecadb272178a942eb852a9dee46bda2adcc36c3416b0fef47a4ed9f38"},
    {file = "pkgconfig-1.5.1.tar.gz", hash = "sha256:97bfe3d981bab675d5ea3ef259045d7919c93897db7d3b59d4e8593cba8d354f"},
]
toml = [
    {file = "toml-0.10.1-py2.py3-none-any.whl", hash = "sha256:bda89d5935c2eac546d648028b9901107a595863cb36bae0c73ac804a9b4ce88"},
    {file = "toml-0.10.1.tar.gz", hash = "sha256:926b612be1e5ce0634a2ca03470f95169cf16f939018233a670519cb4ac58b0f"},
]
